// !$*UTF8*$!
{
	archiveVersion = 1;
	classes = {
	};
	objectVersion = 56;
	objects = {

/* Begin PBXBuildFile section */
		DD3417142C3DBD3300C8A9BC /* DBLinkedList.swift in Sources */ = {isa = PBXBuildFile; fileRef = DD3417132C3DBD3300C8A9BC /* DBLinkedList.swift */; };
		DD8267892C37640A001AA174 /* POC_infinite_wordHuntApp.swift in Sources */ = {isa = PBXBuildFile; fileRef = DD8267882C37640A001AA174 /* POC_infinite_wordHuntApp.swift */; };
		DD82678B2C37640A001AA174 /* ContentView.swift in Sources */ = {isa = PBXBuildFile; fileRef = DD82678A2C37640A001AA174 /* ContentView.swift */; };
		DD82678D2C37640B001AA174 /* Assets.xcassets in Resources */ = {isa = PBXBuildFile; fileRef = DD82678C2C37640B001AA174 /* Assets.xcassets */; };
		DD8267902C37640B001AA174 /* Preview Assets.xcassets in Resources */ = {isa = PBXBuildFile; fileRef = DD82678F2C37640B001AA174 /* Preview Assets.xcassets */; };
		DD8267922C37640B001AA174 /* Persistence.swift in Sources */ = {isa = PBXBuildFile; fileRef = DD8267912C37640B001AA174 /* Persistence.swift */; };
		DD8267952C37640B001AA174 /* POC_infinite_wordHunt.xcdatamodeld in Sources */ = {isa = PBXBuildFile; fileRef = DD8267932C37640B001AA174 /* POC_infinite_wordHunt.xcdatamodeld */; };
		DD82679C2C376672001AA174 /* LetterSquare.swift in Sources */ = {isa = PBXBuildFile; fileRef = DD82679B2C376672001AA174 /* LetterSquare.swift */; };
		DD82679E2C3766BD001AA174 /* WordViewModel.swift in Sources */ = {isa = PBXBuildFile; fileRef = DD82679D2C3766BD001AA174 /* WordViewModel.swift */; };
		DD8267A02C3769A3001AA174 /* newFileFiltered.txt in Resources */ = {isa = PBXBuildFile; fileRef = DD82679F2C3769A3001AA174 /* newFileFiltered.txt */; };
		DD8267A22C376B67001AA174 /* WordsLoader.swift in Sources */ = {isa = PBXBuildFile; fileRef = DD8267A12C376B67001AA174 /* WordsLoader.swift */; };
/* End PBXBuildFile section */

/* Begin PBXFileReference section */
		DD3417132C3DBD3300C8A9BC /* DBLinkedList.swift */ = {isa = PBXFileReference; lastKnownFileType = sourcecode.swift; path = DBLinkedList.swift; sourceTree = "<group>"; };
		DD8267852C37640A001AA174 /* POC_infinite_wordHunt.app */ = {isa = PBXFileReference; explicitFileType = wrapper.application; includeInIndex = 0; path = POC_infinite_wordHunt.app; sourceTree = BUILT_PRODUCTS_DIR; };
		DD8267882C37640A001AA174 /* POC_infinite_wordHuntApp.swift */ = {isa = PBXFileReference; lastKnownFileType = sourcecode.swift; path = POC_infinite_wordHuntApp.swift; sourceTree = "<group>"; };
		DD82678A2C37640A001AA174 /* ContentView.swift */ = {isa = PBXFileReference; lastKnownFileType = sourcecode.swift; path = ContentView.swift; sourceTree = "<group>"; };
		DD82678C2C37640B001AA174 /* Assets.xcassets */ = {isa = PBXFileReference; lastKnownFileType = folder.assetcatalog; path = Assets.xcassets; sourceTree = "<group>"; };
		DD82678F2C37640B001AA174 /* Preview Assets.xcassets */ = {isa = PBXFileReference; lastKnownFileType = folder.assetcatalog; path = "Preview Assets.xcassets"; sourceTree = "<group>"; };
		DD8267912C37640B001AA174 /* Persistence.swift */ = {isa = PBXFileReference; lastKnownFileType = sourcecode.swift; path = Persistence.swift; sourceTree = "<group>"; };
		DD8267942C37640B001AA174 /* POC_infinite_wordHunt.xcdatamodel */ = {isa = PBXFileReference; lastKnownFileType = wrapper.xcdatamodel; path = POC_infinite_wordHunt.xcdatamodel; sourceTree = "<group>"; };
		DD82679B2C376672001AA174 /* LetterSquare.swift */ = {isa = PBXFileReference; lastKnownFileType = sourcecode.swift; path = LetterSquare.swift; sourceTree = "<group>"; };
		DD82679D2C3766BD001AA174 /* WordViewModel.swift */ = {isa = PBXFileReference; lastKnownFileType = sourcecode.swift; path = WordViewModel.swift; sourceTree = "<group>"; };
		DD82679F2C3769A3001AA174 /* newFileFiltered.txt */ = {isa = PBXFileReference; fileEncoding = 4; lastKnownFileType = text; name = newFileFiltered.txt; path = ../../../../Downloads/newFileFiltered.txt; sourceTree = "<group>"; };
		DD8267A12C376B67001AA174 /* WordsLoader.swift */ = {isa = PBXFileReference; lastKnownFileType = sourcecode.swift; path = WordsLoader.swift; sourceTree = "<group>"; };
/* End PBXFileReference section */

/* Begin PBXFrameworksBuildPhase section */
		DD8267822C37640A001AA174 /* Frameworks */ = {
			isa = PBXFrameworksBuildPhase;
			buildActionMask = 2147483647;
			files = (
			);
			runOnlyForDeploymentPostprocessing = 0;
		};
/* End PBXFrameworksBuildPhase section */

/* Begin PBXGroup section */
		DD82677C2C37640A001AA174 = {
			isa = PBXGroup;
			children = (
				DD8267872C37640A001AA174 /* POC_infinite_wordHunt */,
				DD8267862C37640A001AA174 /* Products */,
			);
			sourceTree = "<group>";
		};
		DD8267862C37640A001AA174 /* Products */ = {
			isa = PBXGroup;
			children = (
				DD8267852C37640A001AA174 /* POC_infinite_wordHunt.app */,
			);
			name = Products;
			sourceTree = "<group>";
		};
		DD8267872C37640A001AA174 /* POC_infinite_wordHunt */ = {
			isa = PBXGroup;
			children = (
				DD8267882C37640A001AA174 /* POC_infinite_wordHuntApp.swift */,
				DD82678A2C37640A001AA174 /* ContentView.swift */,
				DD82679D2C3766BD001AA174 /* WordViewModel.swift */,
				DD82679B2C376672001AA174 /* LetterSquare.swift */,
				DD82678C2C37640B001AA174 /* Assets.xcassets */,
				DD82679F2C3769A3001AA174 /* newFileFiltered.txt */,
				DD8267932C37640B001AA174 /* POC_infinite_wordHunt.xcdatamodeld */,
				DD8267912C37640B001AA174 /* Persistence.swift */,
				DD82678E2C37640B001AA174 /* Preview Content */,
				DD8267A12C376B67001AA174 /* WordsLoader.swift */,
				DD3417132C3DBD3300C8A9BC /* DBLinkedList.swift */,
			);
			path = POC_infinite_wordHunt;
			sourceTree = "<group>";
		};
		DD82678E2C37640B001AA174 /* Preview Content */ = {
			isa = PBXGroup;
			children = (
				DD82678F2C37640B001AA174 /* Preview Assets.xcassets */,
			);
			path = "Preview Content";
			sourceTree = "<group>";
		};
/* End PBXGroup section */

/* Begin PBXNativeTarget section */
		DD8267842C37640A001AA174 /* POC_infinite_wordHunt */ = {
			isa = PBXNativeTarget;
			buildConfigurationList = DD8267982C37640B001AA174 /* Build configuration list for PBXNativeTarget "POC_infinite_wordHunt" */;
			buildPhases = (
				DD8267812C37640A001AA174 /* Sources */,
				DD8267822C37640A001AA174 /* Frameworks */,
				DD8267832C37640A001AA174 /* Resources */,
			);
			buildRules = (
			);
			dependencies = (
			);
			name = POC_infinite_wordHunt;
			productName = POC_infinite_wordHunt;
			productReference = DD8267852C37640A001AA174 /* POC_infinite_wordHunt.app */;
			productType = "com.apple.product-type.application";
		};
/* End PBXNativeTarget section */

/* Begin PBXProject section */
		DD82677D2C37640A001AA174 /* Project object */ = {
			isa = PBXProject;
			attributes = {
				BuildIndependentTargetsInParallel = 1;
				LastSwiftUpdateCheck = 1540;
				LastUpgradeCheck = 1540;
				TargetAttributes = {
					DD8267842C37640A001AA174 = {
						CreatedOnToolsVersion = 15.4;
					};
				};
			};
			buildConfigurationList = DD8267802C37640A001AA174 /* Build configuration list for PBXProject "POC_infinite_wordHunt" */;
			compatibilityVersion = "Xcode 14.0";
			developmentRegion = en;
			hasScannedForEncodings = 0;
			knownRegions = (
				en,
				Base,
			);
			mainGroup = DD82677C2C37640A001AA174;
			productRefGroup = DD8267862C37640A001AA174 /* Products */;
			projectDirPath = "";
			projectRoot = "";
			targets = (
				DD8267842C37640A001AA174 /* POC_infinite_wordHunt */,
			);
		};
/* End PBXProject section */

/* Begin PBXResourcesBuildPhase section */
		DD8267832C37640A001AA174 /* Resources */ = {
			isa = PBXResourcesBuildPhase;
			buildActionMask = 2147483647;
			files = (
				DD8267902C37640B001AA174 /* Preview Assets.xcassets in Resources */,
				DD8267A02C3769A3001AA174 /* newFileFiltered.txt in Resources */,
				DD82678D2C37640B001AA174 /* Assets.xcassets in Resources */,
			);
			runOnlyForDeploymentPostprocessing = 0;
		};
/* End PBXResourcesBuildPhase section */

/* Begin PBXSourcesBuildPhase section */
		DD8267812C37640A001AA174 /* Sources */ = {
			isa = PBXSourcesBuildPhase;
			buildActionMask = 2147483647;
			files = (
				DD82679E2C3766BD001AA174 /* WordViewModel.swift in Sources */,
				DD8267922C37640B001AA174 /* Persistence.swift in Sources */,
				DD82678B2C37640A001AA174 /* ContentView.swift in Sources */,
				DD8267892C37640A001AA174 /* POC_infinite_wordHuntApp.swift in Sources */,
				DD82679C2C376672001AA174 /* LetterSquare.swift in Sources */,
				DD8267A22C376B67001AA174 /* WordsLoader.swift in Sources */,
				DD3417142C3DBD3300C8A9BC /* DBLinkedList.swift in Sources */,
				DD8267952C37640B001AA174 /* POC_infinite_wordHunt.xcdatamodeld in Sources */,
			);
			runOnlyForDeploymentPostprocessing = 0;
		};
/* End PBXSourcesBuildPhase section */

/* Begin XCBuildConfiguration section */
		DD8267962C37640B001AA174 /* Debug */ = {
			isa = XCBuildConfiguration;
			buildSettings = {
				ALWAYS_SEARCH_USER_PATHS = NO;
				ASSETCATALOG_COMPILER_GENERATE_SWIFT_ASSET_SYMBOL_EXTENSIONS = YES;
				CLANG_ANALYZER_NONNULL = YES;
				CLANG_ANALYZER_NUMBER_OBJECT_CONVERSION = YES_AGGRESSIVE;
				CLANG_CXX_LANGUAGE_STANDARD = "gnu++20";
				CLANG_ENABLE_MODULES = YES;
				CLANG_ENABLE_OBJC_ARC = YES;
				CLANG_ENABLE_OBJC_WEAK = YES;
				CLANG_WARN_BLOCK_CAPTURE_AUTORELEASING = YES;
				CLANG_WARN_BOOL_CONVERSION = YES;
				CLANG_WARN_COMMA = YES;
				CLANG_WARN_CONSTANT_CONVERSION = YES;
				CLANG_WARN_DEPRECATED_OBJC_IMPLEMENTATIONS = YES;
				CLANG_WARN_DIRECT_OBJC_ISA_USAGE = YES_ERROR;
				CLANG_WARN_DOCUMENTATION_COMMENTS = YES;
				CLANG_WARN_EMPTY_BODY = YES;
				CLANG_WARN_ENUM_CONVERSION = YES;
				CLANG_WARN_INFINITE_RECURSION = YES;
				CLANG_WARN_INT_CONVERSION = YES;
				CLANG_WARN_NON_LITERAL_NULL_CONVERSION = YES;
				CLANG_WARN_OBJC_IMPLICIT_RETAIN_SELF = YES;
				CLANG_WARN_OBJC_LITERAL_CONVERSION = YES;
				CLANG_WARN_OBJC_ROOT_CLASS = YES_ERROR;
				CLANG_WARN_QUOTED_INCLUDE_IN_FRAMEWORK_HEADER = YES;
				CLANG_WARN_RANGE_LOOP_ANALYSIS = YES;
				CLANG_WARN_STRICT_PROTOTYPES = YES;
				CLANG_WARN_SUSPICIOUS_MOVE = YES;
				CLANG_WARN_UNGUARDED_AVAILABILITY = YES_AGGRESSIVE;
				CLANG_WARN_UNREACHABLE_CODE = YES;
				CLANG_WARN__DUPLICATE_METHOD_MATCH = YES;
				COPY_PHASE_STRIP = NO;
				DEBUG_INFORMATION_FORMAT = dwarf;
				ENABLE_STRICT_OBJC_MSGSEND = YES;
				ENABLE_TESTABILITY = YES;
				ENABLE_USER_SCRIPT_SANDBOXING = YES;
				GCC_C_LANGUAGE_STANDARD = gnu17;
				GCC_DYNAMIC_NO_PIC = NO;
				GCC_NO_COMMON_BLOCKS = YES;
				GCC_OPTIMIZATION_LEVEL = 0;
				GCC_PREPROCESSOR_DEFINITIONS = (
					"DEBUG=1",
					"$(inherited)",
				);
				GCC_WARN_64_TO_32_BIT_CONVERSION = YES;
				GCC_WARN_ABOUT_RETURN_TYPE = YES_ERROR;
				GCC_WARN_UNDECLARED_SELECTOR = YES;
				GCC_WARN_UNINITIALIZED_AUTOS = YES_AGGRESSIVE;
				GCC_WARN_UNUSED_FUNCTION = YES;
				GCC_WARN_UNUSED_VARIABLE = YES;
				IPHONEOS_DEPLOYMENT_TARGET = 17.5;
				LOCALIZATION_PREFERS_STRING_CATALOGS = YES;
				MTL_ENABLE_DEBUG_INFO = INCLUDE_SOURCE;
				MTL_FAST_MATH = YES;
				ONLY_ACTIVE_ARCH = YES;
				SDKROOT = iphoneos;
				SWIFT_ACTIVE_COMPILATION_CONDITIONS = "DEBUG $(inherited)";
				SWIFT_OPTIMIZATION_LEVEL = "-Onone";
			};
			name = Debug;
		};
		DD8267972C37640B001AA174 /* Release */ = {
			isa = XCBuildConfiguration;
			buildSettings = {
				ALWAYS_SEARCH_USER_PATHS = NO;
				ASSETCATALOG_COMPILER_GENERATE_SWIFT_ASSET_SYMBOL_EXTENSIONS = YES;
				CLANG_ANALYZER_NONNULL = YES;
				CLANG_ANALYZER_NUMBER_OBJECT_CONVERSION = YES_AGGRESSIVE;
				CLANG_CXX_LANGUAGE_STANDARD = "gnu++20";
				CLANG_ENABLE_MODULES = YES;
				CLANG_ENABLE_OBJC_ARC = YES;
				CLANG_ENABLE_OBJC_WEAK = YES;
				CLANG_WARN_BLOCK_CAPTURE_AUTORELEASING = YES;
				CLANG_WARN_BOOL_CONVERSION = YES;
				CLANG_WARN_COMMA = YES;
				CLANG_WARN_CONSTANT_CONVERSION = YES;
				CLANG_WARN_DEPRECATED_OBJC_IMPLEMENTATIONS = YES;
				CLANG_WARN_DIRECT_OBJC_ISA_USAGE = YES_ERROR;
				CLANG_WARN_DOCUMENTATION_COMMENTS = YES;
				CLANG_WARN_EMPTY_BODY = YES;
				CLANG_WARN_ENUM_CONVERSION = YES;
				CLANG_WARN_INFINITE_RECURSION = YES;
				CLANG_WARN_INT_CONVERSION = YES;
				CLANG_WARN_NON_LITERAL_NULL_CONVERSION = YES;
				CLANG_WARN_OBJC_IMPLICIT_RETAIN_SELF = YES;
				CLANG_WARN_OBJC_LITERAL_CONVERSION = YES;
				CLANG_WARN_OBJC_ROOT_CLASS = YES_ERROR;
				CLANG_WARN_QUOTED_INCLUDE_IN_FRAMEWORK_HEADER = YES;
				CLANG_WARN_RANGE_LOOP_ANALYSIS = YES;
				CLANG_WARN_STRICT_PROTOTYPES = YES;
				CLANG_WARN_SUSPICIOUS_MOVE = YES;
				CLANG_WARN_UNGUARDED_AVAILABILITY = YES_AGGRESSIVE;
				CLANG_WARN_UNREACHABLE_CODE = YES;
				CLANG_WARN__DUPLICATE_METHOD_MATCH = YES;
				COPY_PHASE_STRIP = NO;
				DEBUG_INFORMATION_FORMAT = "dwarf-with-dsym";
				ENABLE_NS_ASSERTIONS = NO;
				ENABLE_STRICT_OBJC_MSGSEND = YES;
				ENABLE_USER_SCRIPT_SANDBOXING = YES;
				GCC_C_LANGUAGE_STANDARD = gnu17;
				GCC_NO_COMMON_BLOCKS = YES;
				GCC_WARN_64_TO_32_BIT_CONVERSION = YES;
				GCC_WARN_ABOUT_RETURN_TYPE = YES_ERROR;
				GCC_WARN_UNDECLARED_SELECTOR = YES;
				GCC_WARN_UNINITIALIZED_AUTOS = YES_AGGRESSIVE;
				GCC_WARN_UNUSED_FUNCTION = YES;
				GCC_WARN_UNUSED_VARIABLE = YES;
				IPHONEOS_DEPLOYMENT_TARGET = 17.5;
				LOCALIZATION_PREFERS_STRING_CATALOGS = YES;
				MTL_ENABLE_DEBUG_INFO = NO;
				MTL_FAST_MATH = YES;
				SDKROOT = iphoneos;
				SWIFT_COMPILATION_MODE = wholemodule;
				VALIDATE_PRODUCT = YES;
			};
			name = Release;
		};
		DD8267992C37640B001AA174 /* Debug */ = {
			isa = XCBuildConfiguration;
			buildSettings = {
				ASSETCATALOG_COMPILER_APPICON_NAME = AppIcon;
				ASSETCATALOG_COMPILER_GLOBAL_ACCENT_COLOR_NAME = AccentColor;
				CODE_SIGN_STYLE = Automatic;
				CURRENT_PROJECT_VERSION = 1;
				DEVELOPMENT_ASSET_PATHS = "\"POC_infinite_wordHunt/Preview Content\"";
				DEVELOPMENT_TEAM = ZGZHU6QZW7;
				ENABLE_PREVIEWS = YES;
				GENERATE_INFOPLIST_FILE = YES;
				INFOPLIST_KEY_UIApplicationSceneManifest_Generation = YES;
				INFOPLIST_KEY_UIApplicationSupportsIndirectInputEvents = YES;
				INFOPLIST_KEY_UILaunchScreen_Generation = YES;
				INFOPLIST_KEY_UISupportedInterfaceOrientations_iPad = "UIInterfaceOrientationPortrait UIInterfaceOrientationPortraitUpsideDown UIInterfaceOrientationLandscapeLeft UIInterfaceOrientationLandscapeRight";
				INFOPLIST_KEY_UISupportedInterfaceOrientations_iPhone = "UIInterfaceOrientationPortrait UIInterfaceOrientationLandscapeLeft UIInterfaceOrientationLandscapeRight";
				LD_RUNPATH_SEARCH_PATHS = (
					"$(inherited)",
					"@executable_path/Frameworks",
				);
				MARKETING_VERSION = 1.0;
				PRODUCT_BUNDLE_IDENTIFIER = "IanPacini.POC-infinite-wordHunt";
				PRODUCT_NAME = "$(TARGET_NAME)";
				SWIFT_EMIT_LOC_STRINGS = YES;
				SWIFT_VERSION = 5.0;
				TARGETED_DEVICE_FAMILY = "1,2";
			};
			name = Debug;
		};
		DD82679A2C37640B001AA174 /* Release */ = {
			isa = XCBuildConfiguration;
			buildSettings = {
				ASSETCATALOG_COMPILER_APPICON_NAME = AppIcon;
				ASSETCATALOG_COMPILER_GLOBAL_ACCENT_COLOR_NAME = AccentColor;
				CODE_SIGN_STYLE = Automatic;
				CURRENT_PROJECT_VERSION = 1;
				DEVELOPMENT_ASSET_PATHS = "\"POC_infinite_wordHunt/Preview Content\"";
				DEVELOPMENT_TEAM = ZGZHU6QZW7;
				ENABLE_PREVIEWS = YES;
				GENERATE_INFOPLIST_FILE = YES;
				INFOPLIST_KEY_UIApplicationSceneManifest_Generation = YES;
				INFOPLIST_KEY_UIApplicationSupportsIndirectInputEvents = YES;
				INFOPLIST_KEY_UILaunchScreen_Generation = YES;
				INFOPLIST_KEY_UISupportedInterfaceOrientations_iPad = "UIInterfaceOrientationPortrait UIInterfaceOrientationPortraitUpsideDown UIInterfaceOrientationLandscapeLeft UIInterfaceOrientationLandscapeRight";
				INFOPLIST_KEY_UISupportedInterfaceOrientations_iPhone = "UIInterfaceOrientationPortrait UIInterfaceOrientationLandscapeLeft UIInterfaceOrientationLandscapeRight";
				LD_RUNPATH_SEARCH_PATHS = (
					"$(inherited)",
					"@executable_path/Frameworks",
				);
				MARKETING_VERSION = 1.0;
				PRODUCT_BUNDLE_IDENTIFIER = "IanPacini.POC-infinite-wordHunt";
				PRODUCT_NAME = "$(TARGET_NAME)";
				SWIFT_EMIT_LOC_STRINGS = YES;
				SWIFT_VERSION = 5.0;
				TARGETED_DEVICE_FAMILY = "1,2";
			};
			name = Release;
		};
/* End XCBuildConfiguration section */

/* Begin XCConfigurationList section */
		DD8267802C37640A001AA174 /* Build configuration list for PBXProject "POC_infinite_wordHunt" */ = {
			isa = XCConfigurationList;
			buildConfigurations = (
				DD8267962C37640B001AA174 /* Debug */,
				DD8267972C37640B001AA174 /* Release */,
			);
			defaultConfigurationIsVisible = 0;
			defaultConfigurationName = Release;
		};
		DD8267982C37640B001AA174 /* Build configuration list for PBXNativeTarget "POC_infinite_wordHunt" */ = {
			isa = XCConfigurationList;
			buildConfigurations = (
				DD8267992C37640B001AA174 /* Debug */,
				DD82679A2C37640B001AA174 /* Release */,
			);
			defaultConfigurationIsVisible = 0;
			defaultConfigurationName = Release;
		};
/* End XCConfigurationList section */

/* Begin XCVersionGroup section */
		DD8267932C37640B001AA174 /* POC_infinite_wordHunt.xcdatamodeld */ = {
			isa = XCVersionGroup;
			children = (
				DD8267942C37640B001AA174 /* POC_infinite_wordHunt.xcdatamodel */,
			);
			currentVersion = DD8267942C37640B001AA174 /* POC_infinite_wordHunt.xcdatamodel */;
			path = POC_infinite_wordHunt.xcdatamodeld;
			sourceTree = "<group>";
			versionGroupType = wrapper.xcdatamodel;
		};
/* End XCVersionGroup section */
	};
	rootObject = DD82677D2C37640A001AA174 /* Project object */;
}
